// !$*UTF8*$!
{
	archiveVersion = 1;
	classes = {
	};
	objectVersion = 77;
	objects = {

/* Begin PBXContainerItemProxy section */
		C04297932F268B9C00239987 /* PBXContainerItemProxy */ = {
			isa = PBXContainerItemProxy;
			containerPortal = C042977A2F268B9B00239987 /* Project object */;
			proxyType = 1;
			remoteGlobalIDString = C04297812F268B9B00239987;
			remoteInfo = PetEvolution;
		};
		C042979D2F268B9C00239987 /* PBXContainerItemProxy */ = {
			isa = PBXContainerItemProxy;
			containerPortal = C042977A2F268B9B00239987 /* Project object */;
			proxyType = 1;
			remoteGlobalIDString = C04297812F268B9B00239987;
			remoteInfo = PetEvolution;
		};
/* End PBXContainerItemProxy section */

/* Begin PBXFileReference section */
		C04297822F268B9B00239987 /* PetEvolution.app */ = {isa = PBXFileReference; explicitFileType = wrapper.application; includeInIndex = 0; path = PetEvolution.app; sourceTree = BUILT_PRODUCTS_DIR; };
		C04297922F268B9C00239987 /* PetEvolutionTests.xctest */ = {isa = PBXFileReference; explicitFileType = wrapper.cfbundle; includeInIndex = 0; path = PetEvolutionTests.xctest; sourceTree = BUILT_PRODUCTS_DIR; };
		C042979C2F268B9C00239987 /* PetEvolutionUITests.xctest */ = {isa = PBXFileReference; explicitFileType = wrapper.cfbundle; includeInIndex = 0; path = PetEvolutionUITests.xctest; sourceTree = BUILT_PRODUCTS_DIR; };
/* End PBXFileReference section */

/* Begin PBXFileSystemSynchronizedBuildFileExceptionSet section */
		C015837C2F4BA49E00C36FD9 /* Exceptions for "PetEvolution" folder in "PetEvolution" target */ = {
			isa = PBXFileSystemSynchronizedBuildFileExceptionSet;
			membershipExceptions = (
				Info.plist,
			);
			target = C04297812F268B9B00239987 /* PetEvolution */;
		};
/* End PBXFileSystemSynchronizedBuildFileExceptionSet section */

/* Begin PBXFileSystemSynchronizedRootGroup section */
		C04297842F268B9B00239987 /* PetEvolution */ = {
			isa = PBXFileSystemSynchronizedRootGroup;
			exceptions = (
				C015837C2F4BA49E00C36FD9 /* Exceptions for "PetEvolution" folder in "PetEvolution" target */,
			);
			path = PetEvolution;
			sourceTree = "<group>";
		};
		C04297952F268B9C00239987 /* PetEvolutionTests */ = {
			isa = PBXFileSystemSynchronizedRootGroup;
			path = PetEvolutionTests;
			sourceTree = "<group>";
		};
		C042979F2F268B9C00239987 /* PetEvolutionUITests */ = {
			isa = PBXFileSystemSynchronizedRootGroup;
			path = PetEvolutionUITests;
			sourceTree = "<group>";
		};
/* End PBXFileSystemSynchronizedRootGroup section */

/* Begin PBXFrameworksBuildPhase section */
		C042977F2F268B9B00239987 /* Frameworks */ = {
			isa = PBXFrameworksBuildPhase;
			buildActionMask = 2147483647;
			files = (
			);
			runOnlyForDeploymentPostprocessing = 0;
		};
		C042978F2F268B9C00239987 /* Frameworks */ = {
			isa = PBXFrameworksBuildPhase;
			buildActionMask = 2147483647;
			files = (
			);
			runOnlyForDeploymentPostprocessing = 0;
		};
		C04297992F268B9C00239987 /* Frameworks */ = {
			isa = PBXFrameworksBuildPhase;
			buildActionMask = 2147483647;
			files = (
			);
			runOnlyForDeploymentPostprocessing = 0;
		};
/* End PBXFrameworksBuildPhase section */

/* Begin PBXGroup section */
		C04297792F268B9B00239987 = {
			isa = PBXGroup;
			children = (
				C04297842F268B9B00239987 /* PetEvolution */,
				C04297952F268B9C00239987 /* PetEvolutionTests */,
				C042979F2F268B9C00239987 /* PetEvolutionUITests */,
				C04297832F268B9B00239987 /* Products */,
			);
			sourceTree = "<group>";
		};
		C04297832F268B9B00239987 /* Products */ = {
			isa = PBXGroup;
			children = (
				C04297822F268B9B00239987 /* PetEvolution.app */,
				C04297922F268B9C00239987 /* PetEvolutionTests.xctest */,
				C042979C2F268B9C00239987 /* PetEvolutionUITests.xctest */,
			);
			name = Products;
			sourceTree = "<group>";
		};
/* End PBXGroup section */

/* Begin PBXNativeTarget section */
		C04297812F268B9B00239987 /* PetEvolution */ = {
			isa = PBXNativeTarget;
			buildConfigurationList = C04297A62F268B9C00239987 /* Build configuration list for PBXNativeTarget "PetEvolution" */;
			buildPhases = (
				C042977E2F268B9B00239987 /* Sources */,
				C042977F2F268B9B00239987 /* Frameworks */,
				C04297802F268B9B00239987 /* Resources */,
			);
			buildRules = (
			);
			dependencies = (
			);
			fileSystemSynchronizedGroups = (
				C04297842F268B9B00239987 /* PetEvolution */,
			);
			name = PetEvolution;
			packageProductDependencies = (
			);
			productName = PetEvolution;
			productReference = C04297822F268B9B00239987 /* PetEvolution.app */;
			productType = "com.apple.product-type.application";
		};
		C04297912F268B9C00239987 /* PetEvolutionTests */ = {
			isa = PBXNativeTarget;
			buildConfigurationList = C04297A92F268B9C00239987 /* Build configuration list for PBXNativeTarget "PetEvolutionTests" */;
			buildPhases = (
				C042978E2F268B9C00239987 /* Sources */,
				C042978F2F268B9C00239987 /* Frameworks */,
				C04297902F268B9C00239987 /* Resources */,
			);
			buildRules = (
			);
			dependencies = (
				C04297942F268B9C00239987 /* PBXTargetDependency */,
			);
			fileSystemSynchronizedGroups = (
				C04297952F268B9C00239987 /* PetEvolutionTests */,
			);
			name = PetEvolutionTests;
			packageProductDependencies = (
			);
			productName = PetEvolutionTests;
			productReference = C04297922F268B9C00239987 /* PetEvolutionTests.xctest */;
			productType = "com.apple.product-type.bundle.unit-test";
		};
		C042979B2F268B9C00239987 /* PetEvolutionUITests */ = {
			isa = PBXNativeTarget;
			buildConfigurationList = C04297AC2F268B9C00239987 /* Build configuration list for PBXNativeTarget "PetEvolutionUITests" */;
			buildPhases = (
				C04297982F268B9C00239987 /* Sources */,
				C04297992F268B9C00239987 /* Frameworks */,
				C042979A2F268B9C00239987 /* Resources */,
			);
			buildRules = (
			);
			dependencies = (
				C042979E2F268B9C00239987 /* PBXTargetDependency */,
			);
			fileSystemSynchronizedGroups = (
				C042979F2F268B9C00239987 /* PetEvolutionUITests */,
			);
			name = PetEvolutionUITests;
			packageProductDependencies = (
			);
			productName = PetEvolutionUITests;
			productReference = C042979C2F268B9C00239987 /* PetEvolutionUITests.xctest */;
			productType = "com.apple.product-type.bundle.ui-testing";
		};
/* End PBXNativeTarget section */

/* Begin PBXProject section */
		C042977A2F268B9B00239987 /* Project object */ = {
			isa = PBXProject;
			attributes = {
				BuildIndependentTargetsInParallel = 1;
				LastSwiftUpdateCheck = 1620;
				LastUpgradeCheck = 1620;
				TargetAttributes = {
					C04297812F268B9B00239987 = {
						CreatedOnToolsVersion = 16.2;
					};
					C04297912F268B9C00239987 = {
						CreatedOnToolsVersion = 16.2;
						TestTargetID = C04297812F268B9B00239987;
					};
					C042979B2F268B9C00239987 = {
						CreatedOnToolsVersion = 16.2;
						TestTargetID = C04297812F268B9B00239987;
					};
				};
			};
			buildConfigurationList = C042977D2F268B9B00239987 /* Build configuration list for PBXProject "PetEvolution" */;
			developmentRegion = en;
			hasScannedForEncodings = 0;
			knownRegions = (
				en,
				Base,
			);
			mainGroup = C04297792F268B9B00239987;
			minimizedProjectReferenceProxies = 1;
			preferredProjectObjectVersion = 77;
			productRefGroup = C04297832F268B9B00239987 /* Products */;
			projectDirPath = "";
			projectRoot = "";
			targets = (
				C04297812F268B9B00239987 /* PetEvolution */,
				C04297912F268B9C00239987 /* PetEvolutionTests */,
				C042979B2F268B9C00239987 /* PetEvolutionUITests */,
			);
		};
/* End PBXProject section */

/* Begin PBXResourcesBuildPhase section */
		C04297802F268B9B00239987 /* Resources */ = {
			isa = PBXResourcesBuildPhase;
			buildActionMask = 2147483647;
			files = (
			);
			runOnlyForDeploymentPostprocessing = 0;
		};
		C04297902F268B9C00239987 /* Resources */ = {
			isa = PBXResourcesBuildPhase;
			buildActionMask = 2147483647;
			files = (
			);
			runOnlyForDeploymentPostprocessing = 0;
		};
		C042979A2F268B9C00239987 /* Resources */ = {
			isa = PBXResourcesBuildPhase;
			buildActionMask = 2147483647;
			files = (
			);
			runOnlyForDeploymentPostprocessing = 0;
		};
/* End PBXResourcesBuildPhase section */

/* Begin PBXSourcesBuildPhase section */
		C042977E2F268B9B00239987 /* Sources */ = {
			isa = PBXSourcesBuildPhase;
			buildActionMask = 2147483647;
			files = (
			);
			runOnlyForDeploymentPostprocessing = 0;
		};
		C042978E2F268B9C00239987 /* Sources */ = {
			isa = PBXSourcesBuildPhase;
			buildActionMask = 2147483647;
			files = (
			);
			runOnlyForDeploymentPostprocessing = 0;
		};
		C04297982F268B9C00239987 /* Sources */ = {
			isa = PBXSourcesBuildPhase;
			buildActionMask = 2147483647;
			files = (
			);
			runOnlyForDeploymentPostprocessing = 0;
		};
/* End PBXSourcesBuildPhase section */

/* Begin PBXTargetDependency section */
		C04297942F268B9C00239987 /* PBXTargetDependency */ = {
			isa = PBXTargetDependency;
			target = C04297812F268B9B00239987 /* PetEvolution */;
			targetProxy = C04297932F268B9C00239987 /* PBXContainerItemProxy */;
		};
		C042979E2F268B9C00239987 /* PBXTargetDependency */ = {
			isa = PBXTargetDependency;
			target = C04297812F268B9B00239987 /* PetEvolution */;
			targetProxy = C042979D2F268B9C00239987 /* PBXContainerItemProxy */;
		};
/* End PBXTargetDependency section */

/* Begin XCBuildConfiguration section */
		C04297A42F268B9C00239987 /* Debug */ = {
			isa = XCBuildConfiguration;
			buildSettings = {
				ALWAYS_SEARCH_USER_PATHS = NO;
				ASSETCATALOG_COMPILER_GENERATE_SWIFT_ASSET_SYMBOL_EXTENSIONS = YES;
				CLANG_ANALYZER_NONNULL = YES;
				CLANG_ANALYZER_NUMBER_OBJECT_CONVERSION = YES_AGGRESSIVE;
				CLANG_CXX_LANGUAGE_STANDARD = "gnu++20";
				CLANG_ENABLE_MODULES = YES;
				CLANG_ENABLE_OBJC_ARC = YES;
				CLANG_ENABLE_OBJC_WEAK = YES;
				CLANG_WARN_BLOCK_CAPTURE_AUTORELEASING = YES;
				CLANG_WARN_BOOL_CONVERSION = YES;
				CLANG_WARN_COMMA = YES;
				CLANG_WARN_CONSTANT_CONVERSION = YES;
				CLANG_WARN_DEPRECATED_OBJC_IMPLEMENTATIONS = YES;
				CLANG_WARN_DIRECT_OBJC_ISA_USAGE = YES_ERROR;
				CLANG_WARN_DOCUMENTATION_COMMENTS = YES;
				CLANG_WARN_EMPTY_BODY = YES;
				CLANG_WARN_ENUM_CONVERSION = YES;
				CLANG_WARN_INFINITE_RECURSION = YES;
				CLANG_WARN_INT_CONVERSION = YES;
				CLANG_WARN_NON_LITERAL_NULL_CONVERSION = YES;
				CLANG_WARN_OBJC_IMPLICIT_RETAIN_SELF = YES;
				CLANG_WARN_OBJC_LITERAL_CONVERSION = YES;
				CLANG_WARN_OBJC_ROOT_CLASS = YES_ERROR;
				CLANG_WARN_QUOTED_INCLUDE_IN_FRAMEWORK_HEADER = YES;
				CLANG_WARN_RANGE_LOOP_ANALYSIS = YES;
				CLANG_WARN_STRICT_PROTOTYPES = YES;
				CLANG_WARN_SUSPICIOUS_MOVE = YES;
				CLANG_WARN_UNGUARDED_AVAILABILITY = YES_AGGRESSIVE;
				CLANG_WARN_UNREACHABLE_CODE = YES;
				CLANG_WARN__DUPLICATE_METHOD_MATCH = YES;
				COPY_PHASE_STRIP = NO;
				DEBUG_INFORMATION_FORMAT = dwarf;
				ENABLE_STRICT_OBJC_MSGSEND = YES;
				ENABLE_TESTABILITY = YES;
				ENABLE_USER_SCRIPT_SANDBOXING = YES;
				GCC_C_LANGUAGE_STANDARD = gnu17;
				GCC_DYNAMIC_NO_PIC = NO;
				GCC_NO_COMMON_BLOCKS = YES;
				GCC_OPTIMIZATION_LEVEL = 0;
				GCC_PREPROCESSOR_DEFINITIONS = (
					"DEBUG=1",
					"$(inherited)",
				);
				GCC_WARN_64_TO_32_BIT_CONVERSION = YES;
				GCC_WARN_ABOUT_RETURN_TYPE = YES_ERROR;
				GCC_WARN_UNDECLARED_SELECTOR = YES;
				GCC_WARN_UNINITIALIZED_AUTOS = YES_AGGRESSIVE;
				GCC_WARN_UNUSED_FUNCTION = YES;
				GCC_WARN_UNUSED_VARIABLE = YES;
				IPHONEOS_DEPLOYMENT_TARGET = 18.2;
				LOCALIZATION_PREFERS_STRING_CATALOGS = YES;
				MTL_ENABLE_DEBUG_INFO = INCLUDE_SOURCE;
				MTL_FAST_MATH = YES;
				ONLY_ACTIVE_ARCH = YES;
				SDKROOT = iphoneos;
				SWIFT_ACTIVE_COMPILATION_CONDITIONS = "DEBUG $(inherited)";
				SWIFT_OPTIMIZATION_LEVEL = "-Onone";
			};
			name = Debug;
		};
		C04297A52F268B9C00239987 /* Release */ = {
			isa = XCBuildConfiguration;
			buildSettings = {
				ALWAYS_SEARCH_USER_PATHS = NO;
				ASSETCATALOG_COMPILER_GENERATE_SWIFT_ASSET_SYMBOL_EXTENSIONS = YES;
				CLANG_ANALYZER_NONNULL = YES;
				CLANG_ANALYZER_NUMBER_OBJECT_CONVERSION = YES_AGGRESSIVE;
				CLANG_CXX_LANGUAGE_STANDARD = "gnu++20";
				CLANG_ENABLE_MODULES = YES;
				CLANG_ENABLE_OBJC_ARC = YES;
				CLANG_ENABLE_OBJC_WEAK = YES;
				CLANG_WARN_BLOCK_CAPTURE_AUTORELEASING = YES;
				CLANG_WARN_BOOL_CONVERSION = YES;
				CLANG_WARN_COMMA = YES;
				CLANG_WARN_CONSTANT_CONVERSION = YES;
				CLANG_WARN_DEPRECATED_OBJC_IMPLEMENTATIONS = YES;
				CLANG_WARN_DIRECT_OBJC_ISA_USAGE = YES_ERROR;
				CLANG_WARN_DOCUMENTATION_COMMENTS = YES;
				CLANG_WARN_EMPTY_BODY = YES;
				CLANG_WARN_ENUM_CONVERSION = YES;
				CLANG_WARN_INFINITE_RECURSION = YES;
				CLANG_WARN_INT_CONVERSION = YES;
				CLANG_WARN_NON_LITERAL_NULL_CONVERSION = YES;
				CLANG_WARN_OBJC_IMPLICIT_RETAIN_SELF = YES;
				CLANG_WARN_OBJC_LITERAL_CONVERSION = YES;
				CLANG_WARN_OBJC_ROOT_CLASS = YES_ERROR;
				CLANG_WARN_QUOTED_INCLUDE_IN_FRAMEWORK_HEADER = YES;
				CLANG_WARN_RANGE_LOOP_ANALYSIS = YES;
				CLANG_WARN_STRICT_PROTOTYPES = YES;
				CLANG_WARN_SUSPICIOUS_MOVE = YES;
				CLANG_WARN_UNGUARDED_AVAILABILITY = YES_AGGRESSIVE;
				CLANG_WARN_UNREACHABLE_CODE = YES;
				CLANG_WARN__DUPLICATE_METHOD_MATCH = YES;
				COPY_PHASE_STRIP = NO;
				DEBUG_INFORMATION_FORMAT = "dwarf-with-dsym";
				ENABLE_NS_ASSERTIONS = NO;
				ENABLE_STRICT_OBJC_MSGSEND = YES;
				ENABLE_USER_SCRIPT_SANDBOXING = YES;
				GCC_C_LANGUAGE_STANDARD = gnu17;
				GCC_NO_COMMON_BLOCKS = YES;
				GCC_WARN_64_TO_32_BIT_CONVERSION = YES;
				GCC_WARN_ABOUT_RETURN_TYPE = YES_ERROR;
				GCC_WARN_UNDECLARED_SELECTOR = YES;
				GCC_WARN_UNINITIALIZED_AUTOS = YES_AGGRESSIVE;
				GCC_WARN_UNUSED_FUNCTION = YES;
				GCC_WARN_UNUSED_VARIABLE = YES;
				IPHONEOS_DEPLOYMENT_TARGET = 18.2;
				LOCALIZATION_PREFERS_STRING_CATALOGS = YES;
				MTL_ENABLE_DEBUG_INFO = NO;
				MTL_FAST_MATH = YES;
				SDKROOT = iphoneos;
				SWIFT_COMPILATION_MODE = wholemodule;
				VALIDATE_PRODUCT = YES;
			};
			name = Release;
		};
		C04297A72F268B9C00239987 /* Debug */ = {
			isa = XCBuildConfiguration;
			buildSettings = {
				ASSETCATALOG_COMPILER_APPICON_NAME = AppIcon;
				ASSETCATALOG_COMPILER_GLOBAL_ACCENT_COLOR_NAME = AccentColor;
				CODE_SIGN_STYLE = Automatic;
				CURRENT_PROJECT_VERSION = 1;
				DEVELOPMENT_ASSET_PATHS = "\"PetEvolution/Preview Content\"";
				ENABLE_PREVIEWS = YES;
				GENERATE_INFOPLIST_FILE = YES;
				INFOPLIST_FILE = PetEvolution/Info.plist;
				INFOPLIST_KEY_UIApplicationSceneManifest_Generation = YES;
				INFOPLIST_KEY_UIApplicationSupportsIndirectInputEvents = YES;
				INFOPLIST_KEY_UILaunchScreen_Generation = YES;
				INFOPLIST_KEY_UISupportedInterfaceOrientations_iPad = "UIInterfaceOrientationPortrait UIInterfaceOrientationPortraitUpsideDown UIInterfaceOrientationLandscapeLeft UIInterfaceOrientationLandscapeRight";
				INFOPLIST_KEY_UISupportedInterfaceOrientations_iPhone = "UIInterfaceOrientationPortrait UIInterfaceOrientationLandscapeLeft UIInterfaceOrientationLandscapeRight";
				LD_RUNPATH_SEARCH_PATHS = (
					"$(inherited)",
					"@executable_path/Frameworks",
				);
				MARKETING_VERSION = 1.0;
				PRODUCT_BUNDLE_IDENTIFIER = com.ck.PetEvolution;
				PRODUCT_NAME = "$(TARGET_NAME)";
				SWIFT_EMIT_LOC_STRINGS = YES;
				SWIFT_VERSION = 5.0;
				TARGETED_DEVICE_FAMILY = "1,2";
			};
			name = Debug;
		};
		C04297A82F268B9C00239987 /* Release */ = {
			isa = XCBuildConfiguration;
			buildSettings = {
				ASSETCATALOG_COMPILER_APPICON_NAME = AppIcon;
				ASSETCATALOG_COMPILER_GLOBAL_ACCENT_COLOR_NAME = AccentColor;
				CODE_SIGN_STYLE = Automatic;
				CURRENT_PROJECT_VERSION = 1;
				DEVELOPMENT_ASSET_PATHS = "\"PetEvolution/Preview Content\"";
				ENABLE_PREVIEWS = YES;
				GENERATE_INFOPLIST_FILE = YES;
				INFOPLIST_FILE = PetEvolution/Info.plist;
				INFOPLIST_KEY_UIApplicationSceneManifest_Generation = YES;
				INFOPLIST_KEY_UIApplicationSupportsIndirectInputEvents = YES;
				INFOPLIST_KEY_UILaunchScreen_Generation = YES;
				INFOPLIST_KEY_UISupportedInterfaceOrientations_iPad = "UIInterfaceOrientationPortrait UIInterfaceOrientationPortraitUpsideDown UIInterfaceOrientationLandscapeLeft UIInterfaceOrientationLandscapeRight";
				INFOPLIST_KEY_UISupportedInterfaceOrientations_iPhone = "UIInterfaceOrientationPortrait UIInterfaceOrientationLandscapeLeft UIInterfaceOrientationLandscapeRight";
				LD_RUNPATH_SEARCH_PATHS = (
					"$(inherited)",
					"@executable_path/Frameworks",
				);
				MARKETING_VERSION = 1.0;
				PRODUCT_BUNDLE_IDENTIFIER = com.ck.PetEvolution;
				PRODUCT_NAME = "$(TARGET_NAME)";
				SWIFT_EMIT_LOC_STRINGS = YES;
				SWIFT_VERSION = 5.0;
				TARGETED_DEVICE_FAMILY = "1,2";
			};
			name = Release;
		};
		C04297AA2F268B9C00239987 /* Debug */ = {
			isa = XCBuildConfiguration;
			buildSettings = {
				BUNDLE_LOADER = "$(TEST_HOST)";
				CODE_SIGN_STYLE = Automatic;
				CURRENT_PROJECT_VERSION = 1;
				GENERATE_INFOPLIST_FILE = YES;
				IPHONEOS_DEPLOYMENT_TARGET = 18.2;
				MARKETING_VERSION = 1.0;
				PRODUCT_BUNDLE_IDENTIFIER = com.ck.PetEvolutionTests;
				PRODUCT_NAME = "$(TARGET_NAME)";
				SWIFT_EMIT_LOC_STRINGS = NO;
				SWIFT_VERSION = 5.0;
				TARGETED_DEVICE_FAMILY = "1,2";
				TEST_HOST = "$(BUILT_PRODUCTS_DIR)/PetEvolution.app/$(BUNDLE_EXECUTABLE_FOLDER_PATH)/PetEvolution";
			};
			name = Debug;
		};
		C04297AB2F268B9C00239987 /* Release */ = {
			isa = XCBuildConfiguration;
			buildSettings = {
				BUNDLE_LOADER = "$(TEST_HOST)";
				CODE_SIGN_STYLE = Automatic;
				CURRENT_PROJECT_VERSION = 1;
				GENERATE_INFOPLIST_FILE = YES;
				IPHONEOS_DEPLOYMENT_TARGET = 18.2;
				MARKETING_VERSION = 1.0;
				PRODUCT_BUNDLE_IDENTIFIER = com.ck.PetEvolutionTests;
				PRODUCT_NAME = "$(TARGET_NAME)";
				SWIFT_EMIT_LOC_STRINGS = NO;
				SWIFT_VERSION = 5.0;
				TARGETED_DEVICE_FAMILY = "1,2";
				TEST_HOST = "$(BUILT_PRODUCTS_DIR)/PetEvolution.app/$(BUNDLE_EXECUTABLE_FOLDER_PATH)/PetEvolution";
			};
			name = Release;
		};
		C04297AD2F268B9C00239987 /* Debug */ = {
			isa = XCBuildConfiguration;
			buildSettings = {
				CODE_SIGN_STYLE = Automatic;
				CURRENT_PROJECT_VERSION = 1;
				GENERATE_INFOPLIST_FILE = YES;
				MARKETING_VERSION = 1.0;
				PRODUCT_BUNDLE_IDENTIFIER = com.ck.PetEvolutionUITests;
				PRODUCT_NAME = "$(TARGET_NAME)";
				SWIFT_EMIT_LOC_STRINGS = NO;
				SWIFT_VERSION = 5.0;
				TARGETED_DEVICE_FAMILY = "1,2";
				TEST_TARGET_NAME = PetEvolution;
			};
			name = Debug;
		};
		C04297AE2F268B9C00239987 /* Release */ = {
			isa = XCBuildConfiguration;
			buildSettings = {
				CODE_SIGN_STYLE = Automatic;
				CURRENT_PROJECT_VERSION = 1;
				GENERATE_INFOPLIST_FILE = YES;
				MARKETING_VERSION = 1.0;
				PRODUCT_BUNDLE_IDENTIFIER = com.ck.PetEvolutionUITests;
				PRODUCT_NAME = "$(TARGET_NAME)";
				SWIFT_EMIT_LOC_STRINGS = NO;
				SWIFT_VERSION = 5.0;
				TARGETED_DEVICE_FAMILY = "1,2";
				TEST_TARGET_NAME = PetEvolution;
			};
			name = Release;
		};
/* End XCBuildConfiguration section */

/* Begin XCConfigurationList section */
		C042977D2F268B9B00239987 /* Build configuration list for PBXProject "PetEvolution" */ = {
			isa = XCConfigurationList;
			buildConfigurations = (
				C04297A42F268B9C00239987 /* Debug */,
				C04297A52F268B9C00239987 /* Release */,
			);
			defaultConfigurationIsVisible = 0;
			defaultConfigurationName = Release;
		};
		C04297A62F268B9C00239987 /* Build configuration list for PBXNativeTarget "PetEvolution" */ = {
			isa = XCConfigurationList;
			buildConfigurations = (
				C04297A72F268B9C00239987 /* Debug */,
				C04297A82F268B9C00239987 /* Release */,
			);
			defaultConfigurationIsVisible = 0;
			defaultConfigurationName = Release;
		};
		C04297A92F268B9C00239987 /* Build configuration list for PBXNativeTarget "PetEvolutionTests" */ = {
			isa = XCConfigurationList;
			buildConfigurations = (
				C04297AA2F268B9C00239987 /* Debug */,
				C04297AB2F268B9C00239987 /* Release */,
			);
			defaultConfigurationIsVisible = 0;
			defaultConfigurationName = Release;
		};
		C04297AC2F268B9C00239987 /* Build configuration list for PBXNativeTarget "PetEvolutionUITests" */ = {
			isa = XCConfigurationList;
			buildConfigurations = (
				C04297AD2F268B9C00239987 /* Debug */,
				C04297AE2F268B9C00239987 /* Release */,
			);
			defaultConfigurationIsVisible = 0;
			defaultConfigurationName = Release;
		};
/* End XCConfigurationList section */
	};
	rootObject = C042977A2F268B9B00239987 /* Project object */;
}
